
Microsoft Visual Studio Solution File, Format Version 12.00
# Visual Studio Version 17
VisualStudioVersion = 17.11.35219.272
MinimumVisualStudioVersion = 10.0.40219.1
Project("{9A19103F-16F7-4668-BE54-9A1E7A4F7556}") = "divas-dynasty", "divas-dynasty.csproj", "{8110E7B0-A3BE-4417-B922-E62E9952C6F2}"
EndProject
Project("{FAE04EC0-301F-11D3-BF4B-00C04F79EFBC}") = "divas-dynasty.tests", "..\..\tests\divas-dynasty.tests\divas-dynasty.tests.csproj", "{DBA0F0E4-3065-4C11-8C71-7D6D17273674}"
EndProject
Global
	GlobalSection(SolutionConfigurationPlatforms) = preSolution
		Debug|Any CPU = Debug|Any CPU
		Release|Any CPU = Release|Any CPU
	EndGlobalSection
	GlobalSection(ProjectConfigurationPlatforms) = postSolution
		{8110E7B0-A3BE-4417-B922-E62E9952C6F2}.Debug|Any CPU.ActiveCfg = Debug|Any CPU
		{8110E7B0-A3BE-4417-B922-E62E9952C6F2}.Debug|Any CPU.Build.0 = Debug|Any CPU
		{8110E7B0-A3BE-4417-B922-E62E9952C6F2}.Release|Any CPU.ActiveCfg = Release|Any CPU
		{8110E7B0-A3BE-4417-B922-E62E9952C6F2}.Release|Any CPU.Build.0 = Release|Any CPU
		{DBA0F0E4-3065-4C11-8C71-7D6D17273674}.Debug|Any CPU.ActiveCfg = Debug|Any CPU
		{DBA0F0E4-3065-4C11-8C71-7D6D17273674}.Debug|Any CPU.Build.0 = Debug|Any CPU
		{DBA0F0E4-3065-4C11-8C71-7D6D17273674}.Release|Any CPU.ActiveCfg = Release|Any CPU
		{DBA0F0E4-3065-4C11-8C71-7D6D17273674}.Release|Any CPU.Build.0 = Release|Any CPU
	EndGlobalSection
	GlobalSection(SolutionProperties) = preSolution
		HideSolutionNode = FALSE
	EndGlobalSection
	GlobalSection(ExtensibilityGlobals) = postSolution
		SolutionGuid = {78B2FBFE-CC23-4537-AC16-B3DAE92D27D5}
	EndGlobalSection
EndGlobal
